# generated by rye
# use `rye lock` or `rye sync` to update this lockfile
#
# last locked with the following flags:
#   pre: false
#   features: []
#   all-features: false
#   with-sources: false
#   generate-hashes: false

-e file:.
black==24.4.2
click==8.1.7
    # via black
markdown-it-py==3.0.0
    # via rich
mdurl==0.1.2
    # via markdown-it-py
mypy-extensions==1.0.0
    # via black
numpy==2.0.0
    # via pandas
packaging==24.1
    # via black
pandas==2.2.2
    # via random-things
pathspec==0.12.1
    # via black
platformdirs==4.2.2
    # via black
pygments==2.18.0
    # via rich
python-dateutil==2.9.0.post0
    # via pandas
pytz==2024.1
    # via pandas
rich==13.7.1
    # via random-things
    # via rich-argparse
rich-argparse==1.5.2
    # via random-things
six==1.16.0
    # via python-dateutil
tzdata==2024.1
    # via pandas
